{
    "_readme": [
        "This file locks the dependencies of your project to a known state",
        "Read more about it at https://getcomposer.org/doc/01-basic-usage.md#composer-lock-the-lock-file"
    ],
    "content-hash": "e4d8b1e4c2e8b7e6c7a0f1b2d3e4f5a6",
    "packages": [
        {
            "name": "laravel/framework",
            "version": "v10.0.0",
            "source": {
                "type": "git",
                "url": "https://github.com/laravel/framework.git",
                "reference": "v10.0.0"
            },
            "dist": {
                "type": "zip",
                "url": "https://api.github.com/repos/laravel/framework/zipball/v10.0.0",
                "reference": "v10.0.0",
                "shasum": ""
            },
            "require": {
                "php": "^8.1"
            },
            "type": "library",
            "autoload": {
                "psr-4": {
                    "Illuminate\\": "src/Illuminate"
                },
                "files": []
            },
            "notification-url": "https://packagist.org/downloads/",
            "license": ["MIT"],
            "description": "The Laravel Framework."
        }
    ],
    "packages-dev": [],
    "aliases": [],
    "minimum-stability": "stable",
    "stability-flags": [],
    "prefer-stable": true,
    "prefer-lowest": false,
    "platform": {
        "php": "8.2.0"
    }
}
