{
  "_readme": [
    "This file locks the dependencies of your project to a known state"
  ],
  "content-hash": "2aaabbbccc111222333444555666777888999000",
  "packages": [
    {
      "name": "laravel/framework",
      "version": "v10.10.0",
      "require": {
        "php": "^8.1",
        "ext-mbstring": "*",
        "ext-openssl": "*",
        "ext-json": "*",
        "ext-pdo": "*"
      },
      "autoload": {
        "psr-4": {
          "Illuminate\\": "src/Illuminate"
        }
      },
      "license": ["MIT"]
    },
    {
      "name": "laravel/tinker",
      "version": "v2.8.0",
      "require": {
        "php": "^8.1",
        "illuminate/support": "^10.0"
      },
      "autoload": {
        "psr-4": {
          "Laravel\\Tinker\\": "src/"
        }
      },
      "license": ["MIT"]
    },
    {
      "name": "guzzlehttp/guzzle",
      "version": "7.8.0",
      "require": {
        "php": "^8.1",
        "psr/http-client": "^1.0",
        "psr/http-message": "^1.0"
      },
      "autoload": {
        "psr-4": {
          "GuzzleHttp\\": "src/"
        }
      },
      "license": ["MIT"]
    },
    {
      "name": "fakerphp/faker",
      "version": "v1.23.0",
      "require": {
        "php": "^8.1"
      },
      "autoload": {
        "psr-4": {
          "Faker\\": "src/Faker"
        }
      },
      "license": ["MIT"]
    }
  ],
  "packages-dev": [
    {
      "name": "mockery/mockery",
      "version": "1.6.0",
      "require": {
        "php": "^8.1"
      },
      "autoload": {
        "psr-4": {
          "Mockery\\": "src/"
        }
      },
      "license": ["MIT"]
    },
    {
      "name": "phpunit/phpunit",
      "version": "10.3.0",
      "require": {
        "php": "^8.1",
        "ext-dom": "*",
        "ext-simplexml": "*"
      },
      "autoload": {
        "psr-4": {
          "PHPUnit\\": "src/"
        }
      },
      "license": ["BSD-3-Clause"]
    }
  ],
  "platform": {
    "php": "8.2.0"
  }
}
